
Microsoft Visual Studio Solution File, Format Version 12.00
# Visual Studio Version 17
VisualStudioVersion = 17.5.002.0
MinimumVisualStudioVersion = 10.0.40219.1
Project("{2150E333-8FDC-42A3-9474-1A3956D46DE8}") = "csharp-prep", "csharp-prep", "{6BCAE9E2-F353-4F39-AA55-C2250EDE8A46}"
EndProject
Project("{9A19103F-16F7-4668-BE54-9A1E7A4F7556}") = "Prep1", "csharp-prep\Prep1\Prep1.csproj", "{69E3BA14-9D98-4BBF-8A2C-81778B6118D3}"
EndProject
Project("{9A19103F-16F7-4668-BE54-9A1E7A4F7556}") = "Prep2", "csharp-prep\Prep2\Prep2.csproj", "{C5D5EE7D-63F9-4879-9CEF-B7FE98DCF551}"
EndProject
Project("{9A19103F-16F7-4668-BE54-9A1E7A4F7556}") = "Prep3", "csharp-prep\Prep3\Prep3.csproj", "{37548082-CA69-44A6-9CA2-2BF4C2F265D7}"
EndProject
Project("{9A19103F-16F7-4668-BE54-9A1E7A4F7556}") = "Prep4", "csharp-prep\Prep4\Prep4.csproj", "{CF5768FE-A888-4B6D-8FB9-680C94FF4190}"
EndProject
Project("{9A19103F-16F7-4668-BE54-9A1E7A4F7556}") = "Prep5", "csharp-prep\Prep5\Prep5.csproj", "{6E3693D7-285F-43B9-8764-8A252B397457}"
EndProject
Project("{2150E333-8FDC-42A3-9474-1A3956D46DE8}") = "final", "final", "{74637F17-6E83-4AF3-A522-C915AC06C6BF}"
EndProject
Project("{9A19103F-16F7-4668-BE54-9A1E7A4F7556}") = "FinalProject", "final\FinalProject\FinalProject.csproj", "{B1C27625-8C6B-46F0-87B8-BF5950A9946D}"
EndProject
Project("{9A19103F-16F7-4668-BE54-9A1E7A4F7556}") = "Foundation1", "final\Foundation1\Foundation1.csproj", "{A9140E8A-B0CF-4F2A-9104-3F99FADE7804}"
EndProject
Project("{9A19103F-16F7-4668-BE54-9A1E7A4F7556}") = "Foundation2", "final\Foundation2\Foundation2.csproj", "{088BB282-D0CC-4A3D-9562-9E19436EE78F}"
EndProject
Project("{9A19103F-16F7-4668-BE54-9A1E7A4F7556}") = "Foundation3", "final\Foundation3\Foundation3.csproj", "{8EAD8822-6CAD-48C0-89E2-27906B4BB531}"
EndProject
Project("{9A19103F-16F7-4668-BE54-9A1E7A4F7556}") = "Foundation4", "final\Foundation4\Foundation4.csproj", "{D6F10573-CEF0-481E-9EAE-2E573C5431C2}"
EndProject
Project("{2150E333-8FDC-42A3-9474-1A3956D46DE8}") = "prepare", "prepare", "{532A56C6-7555-41E8-B3BD-569DF9C6661D}"
EndProject
Project("{9A19103F-16F7-4668-BE54-9A1E7A4F7556}") = "Learning02", "prepare\Learning02\Learning02.csproj", "{1EEE47A3-B201-4F4F-9D69-A5DC5CCE069A}"
EndProject
Project("{9A19103F-16F7-4668-BE54-9A1E7A4F7556}") = "Learning03", "prepare\Learning03\Learning03.csproj", "{BD48953E-586D-4579-89B5-3F43915DBE1A}"
EndProject
Project("{9A19103F-16F7-4668-BE54-9A1E7A4F7556}") = "Learning04", "prepare\Learning04\Learning04.csproj", "{27A92C03-B915-4A6A-9840-69A9806FC381}"
EndProject
Project("{9A19103F-16F7-4668-BE54-9A1E7A4F7556}") = "Learning05", "prepare\Learning05\Learning05.csproj", "{DFEA1AF7-EC55-45C7-9243-8E23F122D889}"
EndProject
Project("{2150E333-8FDC-42A3-9474-1A3956D46DE8}") = "prove", "prove", "{FAE2CA21-9CE5-4CA2-AB03-3C8FC73CA289}"
EndProject
Project("{9A19103F-16F7-4668-BE54-9A1E7A4F7556}") = "Develop02", "prove\Develop02\Develop02.csproj", "{BE9DC9B0-9642-43D7-BD14-47140790F3F7}"
EndProject
Project("{9A19103F-16F7-4668-BE54-9A1E7A4F7556}") = "Develop03", "prove\Develop03\Develop03.csproj", "{A1228A72-7741-4186-8171-9D6898000FD3}"
EndProject
Project("{9A19103F-16F7-4668-BE54-9A1E7A4F7556}") = "Develop04", "prove\Develop04\Develop04.csproj", "{7A1E1364-EF2F-4B5E-A345-C725C23B9A07}"
EndProject
Project("{9A19103F-16F7-4668-BE54-9A1E7A4F7556}") = "Develop05", "prove\Develop05\Develop05.csproj", "{FF465C5A-C865-4A78-9DC4-3830FF29F229}"
EndProject
Project("{2150E333-8FDC-42A3-9474-1A3956D46DE8}") = "sandbox", "sandbox", "{1DEF5B39-51DF-4A17-8CD4-7839028C4FB0}"
EndProject
Project("{9A19103F-16F7-4668-BE54-9A1E7A4F7556}") = "Sandbox", "sandbox\Sandbox\Sandbox.csproj", "{D65C84E7-7C3C-44B7-9050-1B1659D79277}"
EndProject
Global
	GlobalSection(SolutionConfigurationPlatforms) = preSolution
		Debug|Any CPU = Debug|Any CPU
		Release|Any CPU = Release|Any CPU
	EndGlobalSection
	GlobalSection(ProjectConfigurationPlatforms) = postSolution
		{69E3BA14-9D98-4BBF-8A2C-81778B6118D3}.Debug|Any CPU.ActiveCfg = Debug|Any CPU
		{69E3BA14-9D98-4BBF-8A2C-81778B6118D3}.Debug|Any CPU.Build.0 = Debug|Any CPU
		{69E3BA14-9D98-4BBF-8A2C-81778B6118D3}.Release|Any CPU.ActiveCfg = Release|Any CPU
		{69E3BA14-9D98-4BBF-8A2C-81778B6118D3}.Release|Any CPU.Build.0 = Release|Any CPU
		{C5D5EE7D-63F9-4879-9CEF-B7FE98DCF551}.Debug|Any CPU.ActiveCfg = Debug|Any CPU
		{C5D5EE7D-63F9-4879-9CEF-B7FE98DCF551}.Debug|Any CPU.Build.0 = Debug|Any CPU
		{C5D5EE7D-63F9-4879-9CEF-B7FE98DCF551}.Release|Any CPU.ActiveCfg = Release|Any CPU
		{C5D5EE7D-63F9-4879-9CEF-B7FE98DCF551}.Release|Any CPU.Build.0 = Release|Any CPU
		{37548082-CA69-44A6-9CA2-2BF4C2F265D7}.Debug|Any CPU.ActiveCfg = Debug|Any CPU
		{37548082-CA69-44A6-9CA2-2BF4C2F265D7}.Debug|Any CPU.Build.0 = Debug|Any CPU
		{37548082-CA69-44A6-9CA2-2BF4C2F265D7}.Release|Any CPU.ActiveCfg = Release|Any CPU
		{37548082-CA69-44A6-9CA2-2BF4C2F265D7}.Release|Any CPU.Build.0 = Release|Any CPU
		{CF5768FE-A888-4B6D-8FB9-680C94FF4190}.Debug|Any CPU.ActiveCfg = Debug|Any CPU
		{CF5768FE-A888-4B6D-8FB9-680C94FF4190}.Debug|Any CPU.Build.0 = Debug|Any CPU
		{CF5768FE-A888-4B6D-8FB9-680C94FF4190}.Release|Any CPU.ActiveCfg = Release|Any CPU
		{CF5768FE-A888-4B6D-8FB9-680C94FF4190}.Release|Any CPU.Build.0 = Release|Any CPU
		{6E3693D7-285F-43B9-8764-8A252B397457}.Debug|Any CPU.ActiveCfg = Debug|Any CPU
		{6E3693D7-285F-43B9-8764-8A252B397457}.Debug|Any CPU.Build.0 = Debug|Any CPU
		{6E3693D7-285F-43B9-8764-8A252B397457}.Release|Any CPU.ActiveCfg = Release|Any CPU
		{6E3693D7-285F-43B9-8764-8A252B397457}.Release|Any CPU.Build.0 = Release|Any CPU
		{B1C27625-8C6B-46F0-87B8-BF5950A9946D}.Debug|Any CPU.ActiveCfg = Debug|Any CPU
		{B1C27625-8C6B-46F0-87B8-BF5950A9946D}.Debug|Any CPU.Build.0 = Debug|Any CPU
		{B1C27625-8C6B-46F0-87B8-BF5950A9946D}.Release|Any CPU.ActiveCfg = Release|Any CPU
		{B1C27625-8C6B-46F0-87B8-BF5950A9946D}.Release|Any CPU.Build.0 = Release|Any CPU
		{A9140E8A-B0CF-4F2A-9104-3F99FADE7804}.Debug|Any CPU.ActiveCfg = Debug|Any CPU
		{A9140E8A-B0CF-4F2A-9104-3F99FADE7804}.Debug|Any CPU.Build.0 = Debug|Any CPU
		{A9140E8A-B0CF-4F2A-9104-3F99FADE7804}.Release|Any CPU.ActiveCfg = Release|Any CPU
		{A9140E8A-B0CF-4F2A-9104-3F99FADE7804}.Release|Any CPU.Build.0 = Release|Any CPU
		{088BB282-D0CC-4A3D-9562-9E19436EE78F}.Debug|Any CPU.ActiveCfg = Debug|Any CPU
		{088BB282-D0CC-4A3D-9562-9E19436EE78F}.Debug|Any CPU.Build.0 = Debug|Any CPU
		{088BB282-D0CC-4A3D-9562-9E19436EE78F}.Release|Any CPU.ActiveCfg = Release|Any CPU
		{088BB282-D0CC-4A3D-9562-9E19436EE78F}.Release|Any CPU.Build.0 = Release|Any CPU
		{8EAD8822-6CAD-48C0-89E2-27906B4BB531}.Debug|Any CPU.ActiveCfg = Debug|Any CPU
		{8EAD8822-6CAD-48C0-89E2-27906B4BB531}.Debug|Any CPU.Build.0 = Debug|Any CPU
		{8EAD8822-6CAD-48C0-89E2-27906B4BB531}.Release|Any CPU.ActiveCfg = Release|Any CPU
		{8EAD8822-6CAD-48C0-89E2-27906B4BB531}.Release|Any CPU.Build.0 = Release|Any CPU
		{D6F10573-CEF0-481E-9EAE-2E573C5431C2}.Debug|Any CPU.ActiveCfg = Debug|Any CPU
		{D6F10573-CEF0-481E-9EAE-2E573C5431C2}.Debug|Any CPU.Build.0 = Debug|Any CPU
		{D6F10573-CEF0-481E-9EAE-2E573C5431C2}.Release|Any CPU.ActiveCfg = Release|Any CPU
		{D6F10573-CEF0-481E-9EAE-2E573C5431C2}.Release|Any CPU.Build.0 = Release|Any CPU
		{1EEE47A3-B201-4F4F-9D69-A5DC5CCE069A}.Debug|Any CPU.ActiveCfg = Debug|Any CPU
		{1EEE47A3-B201-4F4F-9D69-A5DC5CCE069A}.Debug|Any CPU.Build.0 = Debug|Any CPU
		{1EEE47A3-B201-4F4F-9D69-A5DC5CCE069A}.Release|Any CPU.ActiveCfg = Release|Any CPU
		{1EEE47A3-B201-4F4F-9D69-A5DC5CCE069A}.Release|Any CPU.Build.0 = Release|Any CPU
		{BD48953E-586D-4579-89B5-3F43915DBE1A}.Debug|Any CPU.ActiveCfg = Debug|Any CPU
		{BD48953E-586D-4579-89B5-3F43915DBE1A}.Debug|Any CPU.Build.0 = Debug|Any CPU
		{BD48953E-586D-4579-89B5-3F43915DBE1A}.Release|Any CPU.ActiveCfg = Release|Any CPU
		{BD48953E-586D-4579-89B5-3F43915DBE1A}.Release|Any CPU.Build.0 = Release|Any CPU
		{27A92C03-B915-4A6A-9840-69A9806FC381}.Debug|Any CPU.ActiveCfg = Debug|Any CPU
		{27A92C03-B915-4A6A-9840-69A9806FC381}.Debug|Any CPU.Build.0 = Debug|Any CPU
		{27A92C03-B915-4A6A-9840-69A9806FC381}.Release|Any CPU.ActiveCfg = Release|Any CPU
		{27A92C03-B915-4A6A-9840-69A9806FC381}.Release|Any CPU.Build.0 = Release|Any CPU
		{DFEA1AF7-EC55-45C7-9243-8E23F122D889}.Debug|Any CPU.ActiveCfg = Debug|Any CPU
		{DFEA1AF7-EC55-45C7-9243-8E23F122D889}.Debug|Any CPU.Build.0 = Debug|Any CPU
		{DFEA1AF7-EC55-45C7-9243-8E23F122D889}.Release|Any CPU.ActiveCfg = Release|Any CPU
		{DFEA1AF7-EC55-45C7-9243-8E23F122D889}.Release|Any CPU.Build.0 = Release|Any CPU
		{BE9DC9B0-9642-43D7-BD14-47140790F3F7}.Debug|Any CPU.ActiveCfg = Debug|Any CPU
		{BE9DC9B0-9642-43D7-BD14-47140790F3F7}.Debug|Any CPU.Build.0 = Debug|Any CPU
		{BE9DC9B0-9642-43D7-BD14-47140790F3F7}.Release|Any CPU.ActiveCfg = Release|Any CPU
		{BE9DC9B0-9642-43D7-BD14-47140790F3F7}.Release|Any CPU.Build.0 = Release|Any CPU
		{A1228A72-7741-4186-8171-9D6898000FD3}.Debug|Any CPU.ActiveCfg = Debug|Any CPU
		{A1228A72-7741-4186-8171-9D6898000FD3}.Debug|Any CPU.Build.0 = Debug|Any CPU
		{A1228A72-7741-4186-8171-9D6898000FD3}.Release|Any CPU.ActiveCfg = Release|Any CPU
		{A1228A72-7741-4186-8171-9D6898000FD3}.Release|Any CPU.Build.0 = Release|Any CPU
		{7A1E1364-EF2F-4B5E-A345-C725C23B9A07}.Debug|Any CPU.ActiveCfg = Debug|Any CPU
		{7A1E1364-EF2F-4B5E-A345-C725C23B9A07}.Debug|Any CPU.Build.0 = Debug|Any CPU
		{7A1E1364-EF2F-4B5E-A345-C725C23B9A07}.Release|Any CPU.ActiveCfg = Release|Any CPU
		{7A1E1364-EF2F-4B5E-A345-C725C23B9A07}.Release|Any CPU.Build.0 = Release|Any CPU
		{FF465C5A-C865-4A78-9DC4-3830FF29F229}.Debug|Any CPU.ActiveCfg = Debug|Any CPU
		{FF465C5A-C865-4A78-9DC4-3830FF29F229}.Debug|Any CPU.Build.0 = Debug|Any CPU
		{FF465C5A-C865-4A78-9DC4-3830FF29F229}.Release|Any CPU.ActiveCfg = Release|Any CPU
		{FF465C5A-C865-4A78-9DC4-3830FF29F229}.Release|Any CPU.Build.0 = Release|Any CPU
		{D65C84E7-7C3C-44B7-9050-1B1659D79277}.Debug|Any CPU.ActiveCfg = Debug|Any CPU
		{D65C84E7-7C3C-44B7-9050-1B1659D79277}.Debug|Any CPU.Build.0 = Debug|Any CPU
		{D65C84E7-7C3C-44B7-9050-1B1659D79277}.Release|Any CPU.ActiveCfg = Release|Any CPU
		{D65C84E7-7C3C-44B7-9050-1B1659D79277}.Release|Any CPU.Build.0 = Release|Any CPU
	EndGlobalSection
	GlobalSection(SolutionProperties) = preSolution
		HideSolutionNode = FALSE
	EndGlobalSection
	GlobalSection(NestedProjects) = preSolution
		{69E3BA14-9D98-4BBF-8A2C-81778B6118D3} = {6BCAE9E2-F353-4F39-AA55-C2250EDE8A46}
		{C5D5EE7D-63F9-4879-9CEF-B7FE98DCF551} = {6BCAE9E2-F353-4F39-AA55-C2250EDE8A46}
		{37548082-CA69-44A6-9CA2-2BF4C2F265D7} = {6BCAE9E2-F353-4F39-AA55-C2250EDE8A46}
		{CF5768FE-A888-4B6D-8FB9-680C94FF4190} = {6BCAE9E2-F353-4F39-AA55-C2250EDE8A46}
		{6E3693D7-285F-43B9-8764-8A252B397457} = {6BCAE9E2-F353-4F39-AA55-C2250EDE8A46}
		{B1C27625-8C6B-46F0-87B8-BF5950A9946D} = {74637F17-6E83-4AF3-A522-C915AC06C6BF}
		{A9140E8A-B0CF-4F2A-9104-3F99FADE7804} = {74637F17-6E83-4AF3-A522-C915AC06C6BF}
		{088BB282-D0CC-4A3D-9562-9E19436EE78F} = {74637F17-6E83-4AF3-A522-C915AC06C6BF}
		{8EAD8822-6CAD-48C0-89E2-27906B4BB531} = {74637F17-6E83-4AF3-A522-C915AC06C6BF}
		{D6F10573-CEF0-481E-9EAE-2E573C5431C2} = {74637F17-6E83-4AF3-A522-C915AC06C6BF}
		{1EEE47A3-B201-4F4F-9D69-A5DC5CCE069A} = {532A56C6-7555-41E8-B3BD-569DF9C6661D}
		{BD48953E-586D-4579-89B5-3F43915DBE1A} = {532A56C6-7555-41E8-B3BD-569DF9C6661D}
		{27A92C03-B915-4A6A-9840-69A9806FC381} = {532A56C6-7555-41E8-B3BD-569DF9C6661D}
		{DFEA1AF7-EC55-45C7-9243-8E23F122D889} = {532A56C6-7555-41E8-B3BD-569DF9C6661D}
		{BE9DC9B0-9642-43D7-BD14-47140790F3F7} = {FAE2CA21-9CE5-4CA2-AB03-3C8FC73CA289}
		{A1228A72-7741-4186-8171-9D6898000FD3} = {FAE2CA21-9CE5-4CA2-AB03-3C8FC73CA289}
		{7A1E1364-EF2F-4B5E-A345-C725C23B9A07} = {FAE2CA21-9CE5-4CA2-AB03-3C8FC73CA289}
		{FF465C5A-C865-4A78-9DC4-3830FF29F229} = {FAE2CA21-9CE5-4CA2-AB03-3C8FC73CA289}
		{D65C84E7-7C3C-44B7-9050-1B1659D79277} = {1DEF5B39-51DF-4A17-8CD4-7839028C4FB0}
	EndGlobalSection
	GlobalSection(ExtensibilityGlobals) = postSolution
		SolutionGuid = {65A26E95-70ED-4FF3-B8D1-ADCF4803ACED}
	EndGlobalSection
EndGlobal
