
Microsoft Visual Studio Solution File, Format Version 12.00
# Visual Studio Version 17
VisualStudioVersion = 17.5.002.0
MinimumVisualStudioVersion = 10.0.40219.1
Project("{9A19103F-16F7-4668-BE54-9A1E7A4F7556}") = "FinalProject", "FinalProject.csproj", "{DC714C2F-B767-4BAC-A8CF-64C644BC1A63}"
EndProject
Global
	GlobalSection(SolutionConfigurationPlatforms) = preSolution
		Debug|Any CPU = Debug|Any CPU
		Release|Any CPU = Release|Any CPU
	EndGlobalSection
	GlobalSection(ProjectConfigurationPlatforms) = postSolution
		{DC714C2F-B767-4BAC-A8CF-64C644BC1A63}.Debug|Any CPU.ActiveCfg = Debug|Any CPU
		{DC714C2F-B767-4BAC-A8CF-64C644BC1A63}.Debug|Any CPU.Build.0 = Debug|Any CPU
		{DC714C2F-B767-4BAC-A8CF-64C644BC1A63}.Release|Any CPU.ActiveCfg = Release|Any CPU
		{DC714C2F-B767-4BAC-A8CF-64C644BC1A63}.Release|Any CPU.Build.0 = Release|Any CPU
	EndGlobalSection
	GlobalSection(SolutionProperties) = preSolution
		HideSolutionNode = FALSE
	EndGlobalSection
	GlobalSection(ExtensibilityGlobals) = postSolution
		SolutionGuid = {8979A0ED-D7C8-4597-934C-6FA61631E36C}
	EndGlobalSection
EndGlobal
